{
  "object": {
    "pins": [
      {
        "package": "CMSSupport",
        "repositoryURL": "https://github.com/Sage-Bionetworks/CMSSupport.git",
        "state": {
          "branch": null,
          "revision": "9dd3ad846f09d3596ac032eff5693e40796dd6a4",
          "version": "1.2.1"
        }
      },
      {
        "package": "ZIPFoundation",
        "repositoryURL": "https://github.com/weichsel/ZIPFoundation.git",
        "state": {
          "branch": null,
          "revision": "cf10bbff6ac3b873e97b36b9784c79866a051a8e",
          "version": "0.9.12"
        }
      }
    ]
  },
  "version": 1
}
